
Microsoft Visual Studio Solution File, Format Version 12.00
# Visual Studio Version 17
VisualStudioVersion = 17.8.34408.163
MinimumVisualStudioVersion = 10.0.40219.1
Project("{FAE04EC0-301F-11D3-BF4B-00C04F79EFBC}") = "space", "space\space.csproj", "{36272084-2495-461A-B30B-68899F6BA801}"
EndProject
Global
	GlobalSection(SolutionConfigurationPlatforms) = preSolution
		Debug|Any CPU = Debug|Any CPU
		Release|Any CPU = Release|Any CPU
	EndGlobalSection
	GlobalSection(ProjectConfigurationPlatforms) = postSolution
		{36272084-2495-461A-B30B-68899F6BA801}.Debug|Any CPU.ActiveCfg = Debug|Any CPU
		{36272084-2495-461A-B30B-68899F6BA801}.Debug|Any CPU.Build.0 = Debug|Any CPU
		{36272084-2495-461A-B30B-68899F6BA801}.Release|Any CPU.ActiveCfg = Release|Any CPU
		{36272084-2495-461A-B30B-68899F6BA801}.Release|Any CPU.Build.0 = Release|Any CPU
	EndGlobalSection
	GlobalSection(SolutionProperties) = preSolution
		HideSolutionNode = FALSE
	EndGlobalSection
	GlobalSection(ExtensibilityGlobals) = postSolution
		SolutionGuid = {5F98F762-B2C9-4990-9B36-4F3CEA4D68A9}
	EndGlobalSection
EndGlobal
